// !$*UTF8*$!
{
	archiveVersion = 1;
	classes = {
	};
	objectVersion = 46;
	objects = {

/* Begin PBXBuildFile section */
		6980209D18B98F5C00B63BAB /* NSString+Common.m in Sources */ = {isa = PBXBuildFile; fileRef = 6980209C18B98F5C00B63BAB /* NSString+Common.m */; };
		699011AD1897CCE300496777 /* SSPESpaceModel.m in Sources */ = {isa = PBXBuildFile; fileRef = 699011AC1897CCE300496777 /* SSPESpaceModel.m */; };
		699011B01897CE9900496777 /* SSPERuleModel.m in Sources */ = {isa = PBXBuildFile; fileRef = 699011AF1897CE9900496777 /* SSPERuleModel.m */; };
		6990819118A63C2A00F1383B /* SSGoogleLocationModel.m in Sources */ = {isa = PBXBuildFile; fileRef = 6990819018A63C2A00F1383B /* SSGoogleLocationModel.m */; };
		69DD4A6318971EB000DB7365 /* Foundation.framework in Frameworks */ = {isa = PBXBuildFile; fileRef = 69DD4A6218971EB000DB7365 /* Foundation.framework */; };
		69DD4A6518971EB000DB7365 /* CoreGraphics.framework in Frameworks */ = {isa = PBXBuildFile; fileRef = 69DD4A6418971EB000DB7365 /* CoreGraphics.framework */; };
		69DD4A6718971EB000DB7365 /* UIKit.framework in Frameworks */ = {isa = PBXBuildFile; fileRef = 69DD4A6618971EB000DB7365 /* UIKit.framework */; };
		69DD4A6D18971EB000DB7365 /* InfoPlist.strings in Resources */ = {isa = PBXBuildFile; fileRef = 69DD4A6B18971EB000DB7365 /* InfoPlist.strings */; };
		69DD4A6F18971EB000DB7365 /* main.m in Sources */ = {isa = PBXBuildFile; fileRef = 69DD4A6E18971EB000DB7365 /* main.m */; };
		69DD4A7318971EB000DB7365 /* SSAppDelegate.m in Sources */ = {isa = PBXBuildFile; fileRef = 69DD4A7218971EB000DB7365 /* SSAppDelegate.m */; };
		69DD4A7518971EB000DB7365 /* Images.xcassets in Resources */ = {isa = PBXBuildFile; fileRef = 69DD4A7418971EB000DB7365 /* Images.xcassets */; };
		69DD4A7C18971EB000DB7365 /* XCTest.framework in Frameworks */ = {isa = PBXBuildFile; fileRef = 69DD4A7B18971EB000DB7365 /* XCTest.framework */; };
		69DD4A7D18971EB000DB7365 /* Foundation.framework in Frameworks */ = {isa = PBXBuildFile; fileRef = 69DD4A6218971EB000DB7365 /* Foundation.framework */; };
		69DD4A7E18971EB000DB7365 /* UIKit.framework in Frameworks */ = {isa = PBXBuildFile; fileRef = 69DD4A6618971EB000DB7365 /* UIKit.framework */; };
		69DD4A8618971EB000DB7365 /* InfoPlist.strings in Resources */ = {isa = PBXBuildFile; fileRef = 69DD4A8418971EB000DB7365 /* InfoPlist.strings */; };
		69DD4A8818971EB000DB7365 /* ValetParkTests.m in Sources */ = {isa = PBXBuildFile; fileRef = 69DD4A8718971EB000DB7365 /* ValetParkTests.m */; };
		69DD4A9218971EE000DB7365 /* MainStoryboard.storyboard in Resources */ = {isa = PBXBuildFile; fileRef = 69DD4A9118971EE000DB7365 /* MainStoryboard.storyboard */; };
		69DD4A94189720B100DB7365 /* GoogleMaps.framework in Frameworks */ = {isa = PBXBuildFile; fileRef = 69DD4A93189720B100DB7365 /* GoogleMaps.framework */; };
		69DD4A96189720EA00DB7365 /* GoogleMaps.bundle in Resources */ = {isa = PBXBuildFile; fileRef = 69DD4A95189720EA00DB7365 /* GoogleMaps.bundle */; };
		69DD4AA31897226000DB7365 /* AVFoundation.framework in Frameworks */ = {isa = PBXBuildFile; fileRef = 69DD4A971897225F00DB7365 /* AVFoundation.framework */; };
		69DD4AA41897226000DB7365 /* CoreData.framework in Frameworks */ = {isa = PBXBuildFile; fileRef = 69DD4A981897225F00DB7365 /* CoreData.framework */; };
		69DD4AA51897226000DB7365 /* CoreLocation.framework in Frameworks */ = {isa = PBXBuildFile; fileRef = 69DD4A991897225F00DB7365 /* CoreLocation.framework */; };
		69DD4AA61897226000DB7365 /* CoreText.framework in Frameworks */ = {isa = PBXBuildFile; fileRef = 69DD4A9A1897225F00DB7365 /* CoreText.framework */; };
		69DD4AA71897226000DB7365 /* GLKit.framework in Frameworks */ = {isa = PBXBuildFile; fileRef = 69DD4A9B1897225F00DB7365 /* GLKit.framework */; };
		69DD4AA81897226000DB7365 /* ImageIO.framework in Frameworks */ = {isa = PBXBuildFile; fileRef = 69DD4A9C1897225F00DB7365 /* ImageIO.framework */; };
		69DD4AA91897226000DB7365 /* libc++.dylib in Frameworks */ = {isa = PBXBuildFile; fileRef = 69DD4A9D1897225F00DB7365 /* libc++.dylib */; };
		69DD4AAA1897226000DB7365 /* libicucore.dylib in Frameworks */ = {isa = PBXBuildFile; fileRef = 69DD4A9E1897225F00DB7365 /* libicucore.dylib */; };
		69DD4AAB1897226000DB7365 /* libz.dylib in Frameworks */ = {isa = PBXBuildFile; fileRef = 69DD4A9F1897225F00DB7365 /* libz.dylib */; };
		69DD4AAC1897226000DB7365 /* OpenGLES.framework in Frameworks */ = {isa = PBXBuildFile; fileRef = 69DD4AA01897225F00DB7365 /* OpenGLES.framework */; };
		69DD4AAD1897226000DB7365 /* QuartzCore.framework in Frameworks */ = {isa = PBXBuildFile; fileRef = 69DD4AA11897225F00DB7365 /* QuartzCore.framework */; };
		69DD4AAE1897226000DB7365 /* SystemConfiguration.framework in Frameworks */ = {isa = PBXBuildFile; fileRef = 69DD4AA21897226000DB7365 /* SystemConfiguration.framework */; };
		69DD4AB1189729DE00DB7365 /* SSMainViewController.m in Sources */ = {isa = PBXBuildFile; fileRef = 69DD4AB0189729DE00DB7365 /* SSMainViewController.m */; };
		69DD4AB718972A6200DB7365 /* SSGoogleViewController.m in Sources */ = {isa = PBXBuildFile; fileRef = 69DD4AB618972A6200DB7365 /* SSGoogleViewController.m */; };
		69DD4ABA18972D2A00DB7365 /* ASValueTrackingSlider.m in Sources */ = {isa = PBXBuildFile; fileRef = 69DD4AB918972D2A00DB7365 /* ASValueTrackingSlider.m */; };
		69DD572118990FC3005E11D0 /* 06-magnify.png in Resources */ = {isa = PBXBuildFile; fileRef = 69DD572018990FC3005E11D0 /* 06-magnify.png */; };
		69DD572318990FCB005E11D0 /* 07-map-marker.png in Resources */ = {isa = PBXBuildFile; fileRef = 69DD572218990FCB005E11D0 /* 07-map-marker.png */; };
		69DD572518990FE8005E11D0 /* 152-rolodex.png in Resources */ = {isa = PBXBuildFile; fileRef = 69DD572418990FE8005E11D0 /* 152-rolodex.png */; };
		69DD572818991769005E11D0 /* SSNavigationControlerViewController.m in Sources */ = {isa = PBXBuildFile; fileRef = 69DD572718991769005E11D0 /* SSNavigationControlerViewController.m */; };
		69DD572B18991885005E11D0 /* SSSearchViewController.m in Sources */ = {isa = PBXBuildFile; fileRef = 69DD572A18991885005E11D0 /* SSSearchViewController.m */; };
		69DD572E18991890005E11D0 /* SSPaymentViewController.m in Sources */ = {isa = PBXBuildFile; fileRef = 69DD572D18991890005E11D0 /* SSPaymentViewController.m */; };
/* End PBXBuildFile section */

/* Begin PBXContainerItemProxy section */
		69DD4A7F18971EB000DB7365 /* PBXContainerItemProxy */ = {
			isa = PBXContainerItemProxy;
			containerPortal = 69DD4A5718971EB000DB7365 /* Project object */;
			proxyType = 1;
			remoteGlobalIDString = 69DD4A5E18971EB000DB7365;
			remoteInfo = ValetPark;
		};
/* End PBXContainerItemProxy section */

/* Begin PBXFileReference section */
		6980209B18B98F5C00B63BAB /* NSString+Common.h */ = {isa = PBXFileReference; fileEncoding = 4; lastKnownFileType = sourcecode.c.h; path = "NSString+Common.h"; sourceTree = "<group>"; };
		6980209C18B98F5C00B63BAB /* NSString+Common.m */ = {isa = PBXFileReference; fileEncoding = 4; lastKnownFileType = sourcecode.c.objc; path = "NSString+Common.m"; sourceTree = "<group>"; };
		699011AB1897CCE300496777 /* SSPESpaceModel.h */ = {isa = PBXFileReference; fileEncoding = 4; lastKnownFileType = sourcecode.c.h; path = SSPESpaceModel.h; sourceTree = "<group>"; };
		699011AC1897CCE300496777 /* SSPESpaceModel.m */ = {isa = PBXFileReference; fileEncoding = 4; lastKnownFileType = sourcecode.c.objc; path = SSPESpaceModel.m; sourceTree = "<group>"; };
		699011AE1897CE9900496777 /* SSPERuleModel.h */ = {isa = PBXFileReference; fileEncoding = 4; lastKnownFileType = sourcecode.c.h; path = SSPERuleModel.h; sourceTree = "<group>"; };
		699011AF1897CE9900496777 /* SSPERuleModel.m */ = {isa = PBXFileReference; fileEncoding = 4; lastKnownFileType = sourcecode.c.objc; path = SSPERuleModel.m; sourceTree = "<group>"; };
		6990818F18A63C2A00F1383B /* SSGoogleLocationModel.h */ = {isa = PBXFileReference; fileEncoding = 4; lastKnownFileType = sourcecode.c.h; path = SSGoogleLocationModel.h; sourceTree = "<group>"; };
		6990819018A63C2A00F1383B /* SSGoogleLocationModel.m */ = {isa = PBXFileReference; fileEncoding = 4; lastKnownFileType = sourcecode.c.objc; path = SSGoogleLocationModel.m; sourceTree = "<group>"; };
		69DD4A5F18971EB000DB7365 /* ValetPark.app */ = {isa = PBXFileReference; explicitFileType = wrapper.application; includeInIndex = 0; path = ValetPark.app; sourceTree = BUILT_PRODUCTS_DIR; };
		69DD4A6218971EB000DB7365 /* Foundation.framework */ = {isa = PBXFileReference; lastKnownFileType = wrapper.framework; name = Foundation.framework; path = System/Library/Frameworks/Foundation.framework; sourceTree = SDKROOT; };
		69DD4A6418971EB000DB7365 /* CoreGraphics.framework */ = {isa = PBXFileReference; lastKnownFileType = wrapper.framework; name = CoreGraphics.framework; path = System/Library/Frameworks/CoreGraphics.framework; sourceTree = SDKROOT; };
		69DD4A6618971EB000DB7365 /* UIKit.framework */ = {isa = PBXFileReference; lastKnownFileType = wrapper.framework; name = UIKit.framework; path = System/Library/Frameworks/UIKit.framework; sourceTree = SDKROOT; };
		69DD4A6A18971EB000DB7365 /* ValetPark-Info.plist */ = {isa = PBXFileReference; lastKnownFileType = text.plist.xml; path = "ValetPark-Info.plist"; sourceTree = "<group>"; };
		69DD4A6C18971EB000DB7365 /* en */ = {isa = PBXFileReference; lastKnownFileType = text.plist.strings; name = en; path = en.lproj/InfoPlist.strings; sourceTree = "<group>"; };
		69DD4A6E18971EB000DB7365 /* main.m */ = {isa = PBXFileReference; lastKnownFileType = sourcecode.c.objc; path = main.m; sourceTree = "<group>"; };
		69DD4A7018971EB000DB7365 /* ValetPark-Prefix.pch */ = {isa = PBXFileReference; lastKnownFileType = sourcecode.c.h; path = "ValetPark-Prefix.pch"; sourceTree = "<group>"; };
		69DD4A7118971EB000DB7365 /* SSAppDelegate.h */ = {isa = PBXFileReference; lastKnownFileType = sourcecode.c.h; path = SSAppDelegate.h; sourceTree = "<group>"; };
		69DD4A7218971EB000DB7365 /* SSAppDelegate.m */ = {isa = PBXFileReference; lastKnownFileType = sourcecode.c.objc; path = SSAppDelegate.m; sourceTree = "<group>"; };
		69DD4A7418971EB000DB7365 /* Images.xcassets */ = {isa = PBXFileReference; lastKnownFileType = folder.assetcatalog; path = Images.xcassets; sourceTree = "<group>"; };
		69DD4A7A18971EB000DB7365 /* ValetParkTests.xctest */ = {isa = PBXFileReference; explicitFileType = wrapper.cfbundle; includeInIndex = 0; path = ValetParkTests.xctest; sourceTree = BUILT_PRODUCTS_DIR; };
		69DD4A7B18971EB000DB7365 /* XCTest.framework */ = {isa = PBXFileReference; lastKnownFileType = wrapper.framework; name = XCTest.framework; path = Library/Frameworks/XCTest.framework; sourceTree = DEVELOPER_DIR; };
		69DD4A8318971EB000DB7365 /* ValetParkTests-Info.plist */ = {isa = PBXFileReference; lastKnownFileType = text.plist.xml; path = "ValetParkTests-Info.plist"; sourceTree = "<group>"; };
		69DD4A8518971EB000DB7365 /* en */ = {isa = PBXFileReference; lastKnownFileType = text.plist.strings; name = en; path = en.lproj/InfoPlist.strings; sourceTree = "<group>"; };
		69DD4A8718971EB000DB7365 /* ValetParkTests.m */ = {isa = PBXFileReference; lastKnownFileType = sourcecode.c.objc; path = ValetParkTests.m; sourceTree = "<group>"; };
		69DD4A9118971EE000DB7365 /* MainStoryboard.storyboard */ = {isa = PBXFileReference; fileEncoding = 4; lastKnownFileType = file.storyboard; path = MainStoryboard.storyboard; sourceTree = "<group>"; };
		69DD4A93189720B100DB7365 /* GoogleMaps.framework */ = {isa = PBXFileReference; lastKnownFileType = wrapper.framework; path = GoogleMaps.framework; sourceTree = "<group>"; };
		69DD4A95189720EA00DB7365 /* GoogleMaps.bundle */ = {isa = PBXFileReference; lastKnownFileType = "wrapper.plug-in"; path = GoogleMaps.bundle; sourceTree = "<group>"; };
		69DD4A971897225F00DB7365 /* AVFoundation.framework */ = {isa = PBXFileReference; lastKnownFileType = wrapper.framework; name = AVFoundation.framework; path = System/Library/Frameworks/AVFoundation.framework; sourceTree = SDKROOT; };
		69DD4A981897225F00DB7365 /* CoreData.framework */ = {isa = PBXFileReference; lastKnownFileType = wrapper.framework; name = CoreData.framework; path = System/Library/Frameworks/CoreData.framework; sourceTree = SDKROOT; };
		69DD4A991897225F00DB7365 /* CoreLocation.framework */ = {isa = PBXFileReference; lastKnownFileType = wrapper.framework; name = CoreLocation.framework; path = System/Library/Frameworks/CoreLocation.framework; sourceTree = SDKROOT; };
		69DD4A9A1897225F00DB7365 /* CoreText.framework */ = {isa = PBXFileReference; lastKnownFileType = wrapper.framework; name = CoreText.framework; path = System/Library/Frameworks/CoreText.framework; sourceTree = SDKROOT; };
		69DD4A9B1897225F00DB7365 /* GLKit.framework */ = {isa = PBXFileReference; lastKnownFileType = wrapper.framework; name = GLKit.framework; path = System/Library/Frameworks/GLKit.framework; sourceTree = SDKROOT; };
		69DD4A9C1897225F00DB7365 /* ImageIO.framework */ = {isa = PBXFileReference; lastKnownFileType = wrapper.framework; name = ImageIO.framework; path = System/Library/Frameworks/ImageIO.framework; sourceTree = SDKROOT; };
		69DD4A9D1897225F00DB7365 /* libc++.dylib */ = {isa = PBXFileReference; lastKnownFileType = "compiled.mach-o.dylib"; name = "libc++.dylib"; path = "usr/lib/libc++.dylib"; sourceTree = SDKROOT; };
		69DD4A9E1897225F00DB7365 /* libicucore.dylib */ = {isa = PBXFileReference; lastKnownFileType = "compiled.mach-o.dylib"; name = libicucore.dylib; path = usr/lib/libicucore.dylib; sourceTree = SDKROOT; };
		69DD4A9F1897225F00DB7365 /* libz.dylib */ = {isa = PBXFileReference; lastKnownFileType = "compiled.mach-o.dylib"; name = libz.dylib; path = usr/lib/libz.dylib; sourceTree = SDKROOT; };
		69DD4AA01897225F00DB7365 /* OpenGLES.framework */ = {isa = PBXFileReference; lastKnownFileType = wrapper.framework; name = OpenGLES.framework; path = System/Library/Frameworks/OpenGLES.framework; sourceTree = SDKROOT; };
		69DD4AA11897225F00DB7365 /* QuartzCore.framework */ = {isa = PBXFileReference; lastKnownFileType = wrapper.framework; name = QuartzCore.framework; path = System/Library/Frameworks/QuartzCore.framework; sourceTree = SDKROOT; };
		69DD4AA21897226000DB7365 /* SystemConfiguration.framework */ = {isa = PBXFileReference; lastKnownFileType = wrapper.framework; name = SystemConfiguration.framework; path = System/Library/Frameworks/SystemConfiguration.framework; sourceTree = SDKROOT; };
		69DD4AAF189729DE00DB7365 /* SSMainViewController.h */ = {isa = PBXFileReference; fileEncoding = 4; lastKnownFileType = sourcecode.c.h; path = SSMainViewController.h; sourceTree = "<group>"; };
		69DD4AB0189729DE00DB7365 /* SSMainViewController.m */ = {isa = PBXFileReference; fileEncoding = 4; lastKnownFileType = sourcecode.c.objc; path = SSMainViewController.m; sourceTree = "<group>"; };
		69DD4AB518972A6200DB7365 /* SSGoogleViewController.h */ = {isa = PBXFileReference; fileEncoding = 4; lastKnownFileType = sourcecode.c.h; name = SSGoogleViewController.h; path = ../SSGoogleViewController.h; sourceTree = "<group>"; };
		69DD4AB618972A6200DB7365 /* SSGoogleViewController.m */ = {isa = PBXFileReference; fileEncoding = 4; lastKnownFileType = sourcecode.c.objc; name = SSGoogleViewController.m; path = ../SSGoogleViewController.m; sourceTree = "<group>"; };
		69DD4AB818972D2A00DB7365 /* ASValueTrackingSlider.h */ = {isa = PBXFileReference; fileEncoding = 4; lastKnownFileType = sourcecode.c.h; path = ASValueTrackingSlider.h; sourceTree = "<group>"; };
		69DD4AB918972D2A00DB7365 /* ASValueTrackingSlider.m */ = {isa = PBXFileReference; fileEncoding = 4; lastKnownFileType = sourcecode.c.objc; path = ASValueTrackingSlider.m; sourceTree = "<group>"; };
		69DD572018990FC3005E11D0 /* 06-magnify.png */ = {isa = PBXFileReference; lastKnownFileType = image.png; path = "06-magnify.png"; sourceTree = "<group>"; };
		69DD572218990FCB005E11D0 /* 07-map-marker.png */ = {isa = PBXFileReference; lastKnownFileType = image.png; path = "07-map-marker.png"; sourceTree = "<group>"; };
		69DD572418990FE8005E11D0 /* 152-rolodex.png */ = {isa = PBXFileReference; lastKnownFileType = image.png; path = "152-rolodex.png"; sourceTree = "<group>"; };
		69DD572618991769005E11D0 /* SSNavigationControlerViewController.h */ = {isa = PBXFileReference; fileEncoding = 4; lastKnownFileType = sourcecode.c.h; path = SSNavigationControlerViewController.h; sourceTree = "<group>"; };
		69DD572718991769005E11D0 /* SSNavigationControlerViewController.m */ = {isa = PBXFileReference; fileEncoding = 4; lastKnownFileType = sourcecode.c.objc; path = SSNavigationControlerViewController.m; sourceTree = "<group>"; };
		69DD572918991885005E11D0 /* SSSearchViewController.h */ = {isa = PBXFileReference; fileEncoding = 4; lastKnownFileType = sourcecode.c.h; path = SSSearchViewController.h; sourceTree = "<group>"; };
		69DD572A18991885005E11D0 /* SSSearchViewController.m */ = {isa = PBXFileReference; fileEncoding = 4; lastKnownFileType = sourcecode.c.objc; path = SSSearchViewController.m; sourceTree = "<group>"; };
		69DD572C18991890005E11D0 /* SSPaymentViewController.h */ = {isa = PBXFileReference; fileEncoding = 4; lastKnownFileType = sourcecode.c.h; path = SSPaymentViewController.h; sourceTree = "<group>"; };
		69DD572D18991890005E11D0 /* SSPaymentViewController.m */ = {isa = PBXFileReference; fileEncoding = 4; lastKnownFileType = sourcecode.c.objc; path = SSPaymentViewController.m; sourceTree = "<group>"; };
/* End PBXFileReference section */

/* Begin PBXFrameworksBuildPhase section */
		69DD4A5C18971EB000DB7365 /* Frameworks */ = {
			isa = PBXFrameworksBuildPhase;
			buildActionMask = 2147483647;
			files = (
				69DD4AA31897226000DB7365 /* AVFoundation.framework in Frameworks */,
				69DD4AA41897226000DB7365 /* CoreData.framework in Frameworks */,
				69DD4AA51897226000DB7365 /* CoreLocation.framework in Frameworks */,
				69DD4AA61897226000DB7365 /* CoreText.framework in Frameworks */,
				69DD4AA71897226000DB7365 /* GLKit.framework in Frameworks */,
				69DD4AA81897226000DB7365 /* ImageIO.framework in Frameworks */,
				69DD4AA91897226000DB7365 /* libc++.dylib in Frameworks */,
				69DD4AAA1897226000DB7365 /* libicucore.dylib in Frameworks */,
				69DD4AAB1897226000DB7365 /* libz.dylib in Frameworks */,
				69DD4AAC1897226000DB7365 /* OpenGLES.framework in Frameworks */,
				69DD4AAD1897226000DB7365 /* QuartzCore.framework in Frameworks */,
				69DD4AAE1897226000DB7365 /* SystemConfiguration.framework in Frameworks */,
				69DD4A6518971EB000DB7365 /* CoreGraphics.framework in Frameworks */,
				69DD4A6718971EB000DB7365 /* UIKit.framework in Frameworks */,
				69DD4A94189720B100DB7365 /* GoogleMaps.framework in Frameworks */,
				69DD4A6318971EB000DB7365 /* Foundation.framework in Frameworks */,
			);
			runOnlyForDeploymentPostprocessing = 0;
		};
		69DD4A7718971EB000DB7365 /* Frameworks */ = {
			isa = PBXFrameworksBuildPhase;
			buildActionMask = 2147483647;
			files = (
				69DD4A7C18971EB000DB7365 /* XCTest.framework in Frameworks */,
				69DD4A7E18971EB000DB7365 /* UIKit.framework in Frameworks */,
				69DD4A7D18971EB000DB7365 /* Foundation.framework in Frameworks */,
			);
			runOnlyForDeploymentPostprocessing = 0;
		};
/* End PBXFrameworksBuildPhase section */

/* Begin PBXGroup section */
		6980209A18B98F2800B63BAB /* Utility */ = {
			isa = PBXGroup;
			children = (
				6980209B18B98F5C00B63BAB /* NSString+Common.h */,
				6980209C18B98F5C00B63BAB /* NSString+Common.m */,
			);
			name = Utility;
			sourceTree = "<group>";
		};
		6990818E18A63BE800F1383B /* Models */ = {
			isa = PBXGroup;
			children = (
				699011AB1897CCE300496777 /* SSPESpaceModel.h */,
				699011AC1897CCE300496777 /* SSPESpaceModel.m */,
				699011AE1897CE9900496777 /* SSPERuleModel.h */,
				699011AF1897CE9900496777 /* SSPERuleModel.m */,
				6990818F18A63C2A00F1383B /* SSGoogleLocationModel.h */,
				6990819018A63C2A00F1383B /* SSGoogleLocationModel.m */,
			);
			name = Models;
			sourceTree = "<group>";
		};
		69DD4A5618971EB000DB7365 = {
			isa = PBXGroup;
			children = (
				69DD4A6818971EB000DB7365 /* ValetPark */,
				69DD4A8118971EB000DB7365 /* ValetParkTests */,
				69DD4A6118971EB000DB7365 /* Frameworks */,
				69DD4A6018971EB000DB7365 /* Products */,
			);
			sourceTree = "<group>";
		};
		69DD4A6018971EB000DB7365 /* Products */ = {
			isa = PBXGroup;
			children = (
				69DD4A5F18971EB000DB7365 /* ValetPark.app */,
				69DD4A7A18971EB000DB7365 /* ValetParkTests.xctest */,
			);
			name = Products;
			sourceTree = "<group>";
		};
		69DD4A6118971EB000DB7365 /* Frameworks */ = {
			isa = PBXGroup;
			children = (
				69DD4A971897225F00DB7365 /* AVFoundation.framework */,
				69DD4A981897225F00DB7365 /* CoreData.framework */,
				69DD4A991897225F00DB7365 /* CoreLocation.framework */,
				69DD4A9A1897225F00DB7365 /* CoreText.framework */,
				69DD4A9B1897225F00DB7365 /* GLKit.framework */,
				69DD4A9C1897225F00DB7365 /* ImageIO.framework */,
				69DD4A9D1897225F00DB7365 /* libc++.dylib */,
				69DD4A9E1897225F00DB7365 /* libicucore.dylib */,
				69DD4A9F1897225F00DB7365 /* libz.dylib */,
				69DD4AA01897225F00DB7365 /* OpenGLES.framework */,
				69DD4AA11897225F00DB7365 /* QuartzCore.framework */,
				69DD4AA21897226000DB7365 /* SystemConfiguration.framework */,
				69DD4A95189720EA00DB7365 /* GoogleMaps.bundle */,
				69DD4A93189720B100DB7365 /* GoogleMaps.framework */,
				69DD4A6218971EB000DB7365 /* Foundation.framework */,
				69DD4A6418971EB000DB7365 /* CoreGraphics.framework */,
				69DD4A6618971EB000DB7365 /* UIKit.framework */,
				69DD4A7B18971EB000DB7365 /* XCTest.framework */,
			);
			name = Frameworks;
			sourceTree = "<group>";
		};
		69DD4A6818971EB000DB7365 /* ValetPark */ = {
			isa = PBXGroup;
			children = (
				6980209A18B98F2800B63BAB /* Utility */,
				6990818E18A63BE800F1383B /* Models */,
				69DD4AB518972A6200DB7365 /* SSGoogleViewController.h */,
				69DD4AB618972A6200DB7365 /* SSGoogleViewController.m */,
				69DD4A7118971EB000DB7365 /* SSAppDelegate.h */,
				69DD4A7218971EB000DB7365 /* SSAppDelegate.m */,
				69DD4A7418971EB000DB7365 /* Images.xcassets */,
				69DD571F18990FAB005E11D0 /* Resources */,
				69DD4A6918971EB000DB7365 /* Supporting Files */,
				69DD4A9118971EE000DB7365 /* MainStoryboard.storyboard */,
				69DD572918991885005E11D0 /* SSSearchViewController.h */,
				69DD572A18991885005E11D0 /* SSSearchViewController.m */,
				69DD572C18991890005E11D0 /* SSPaymentViewController.h */,
				69DD572D18991890005E11D0 /* SSPaymentViewController.m */,
				69DD572618991769005E11D0 /* SSNavigationControlerViewController.h */,
				69DD572718991769005E11D0 /* SSNavigationControlerViewController.m */,
				69DD4AAF189729DE00DB7365 /* SSMainViewController.h */,
				69DD4AB0189729DE00DB7365 /* SSMainViewController.m */,
			);
			path = ValetPark;
			sourceTree = "<group>";
		};
		69DD4A6918971EB000DB7365 /* Supporting Files */ = {
			isa = PBXGroup;
			children = (
				69DD4AB818972D2A00DB7365 /* ASValueTrackingSlider.h */,
				69DD4AB918972D2A00DB7365 /* ASValueTrackingSlider.m */,
				69DD4A6A18971EB000DB7365 /* ValetPark-Info.plist */,
				69DD4A6B18971EB000DB7365 /* InfoPlist.strings */,
				69DD4A6E18971EB000DB7365 /* main.m */,
				69DD4A7018971EB000DB7365 /* ValetPark-Prefix.pch */,
			);
			name = "Supporting Files";
			sourceTree = "<group>";
		};
		69DD4A8118971EB000DB7365 /* ValetParkTests */ = {
			isa = PBXGroup;
			children = (
				69DD4A8718971EB000DB7365 /* ValetParkTests.m */,
				69DD4A8218971EB000DB7365 /* Supporting Files */,
			);
			path = ValetParkTests;
			sourceTree = "<group>";
		};
		69DD4A8218971EB000DB7365 /* Supporting Files */ = {
			isa = PBXGroup;
			children = (
				69DD4A8318971EB000DB7365 /* ValetParkTests-Info.plist */,
				69DD4A8418971EB000DB7365 /* InfoPlist.strings */,
			);
			name = "Supporting Files";
			sourceTree = "<group>";
		};
		69DD571F18990FAB005E11D0 /* Resources */ = {
			isa = PBXGroup;
			children = (
				69DD572418990FE8005E11D0 /* 152-rolodex.png */,
				69DD572218990FCB005E11D0 /* 07-map-marker.png */,
				69DD572018990FC3005E11D0 /* 06-magnify.png */,
			);
			name = Resources;
			sourceTree = "<group>";
		};
/* End PBXGroup section */

/* Begin PBXNativeTarget section */
		69DD4A5E18971EB000DB7365 /* ValetPark */ = {
			isa = PBXNativeTarget;
			buildConfigurationList = 69DD4A8B18971EB000DB7365 /* Build configuration list for PBXNativeTarget "ValetPark" */;
			buildPhases = (
				69DD4A5B18971EB000DB7365 /* Sources */,
				69DD4A5C18971EB000DB7365 /* Frameworks */,
				69DD4A5D18971EB000DB7365 /* Resources */,
			);
			buildRules = (
			);
			dependencies = (
			);
			name = ValetPark;
			productName = ValetPark;
			productReference = 69DD4A5F18971EB000DB7365 /* ValetPark.app */;
			productType = "com.apple.product-type.application";
		};
		69DD4A7918971EB000DB7365 /* ValetParkTests */ = {
			isa = PBXNativeTarget;
			buildConfigurationList = 69DD4A8E18971EB000DB7365 /* Build configuration list for PBXNativeTarget "ValetParkTests" */;
			buildPhases = (
				69DD4A7618971EB000DB7365 /* Sources */,
				69DD4A7718971EB000DB7365 /* Frameworks */,
				69DD4A7818971EB000DB7365 /* Resources */,
			);
			buildRules = (
			);
			dependencies = (
				69DD4A8018971EB000DB7365 /* PBXTargetDependency */,
			);
			name = ValetParkTests;
			productName = ValetParkTests;
			productReference = 69DD4A7A18971EB000DB7365 /* ValetParkTests.xctest */;
			productType = "com.apple.product-type.bundle.unit-test";
		};
/* End PBXNativeTarget section */

/* Begin PBXProject section */
		69DD4A5718971EB000DB7365 /* Project object */ = {
			isa = PBXProject;
			attributes = {
				CLASSPREFIX = SS;
				LastUpgradeCheck = 0500;
				ORGANIZATIONNAME = SaxStudios;
				TargetAttributes = {
					69DD4A7918971EB000DB7365 = {
						TestTargetID = 69DD4A5E18971EB000DB7365;
					};
				};
			};
			buildConfigurationList = 69DD4A5A18971EB000DB7365 /* Build configuration list for PBXProject "ValetPark" */;
			compatibilityVersion = "Xcode 3.2";
			developmentRegion = English;
			hasScannedForEncodings = 0;
			knownRegions = (
				en,
			);
			mainGroup = 69DD4A5618971EB000DB7365;
			productRefGroup = 69DD4A6018971EB000DB7365 /* Products */;
			projectDirPath = "";
			projectRoot = "";
			targets = (
				69DD4A5E18971EB000DB7365 /* ValetPark */,
				69DD4A7918971EB000DB7365 /* ValetParkTests */,
			);
		};
/* End PBXProject section */

/* Begin PBXResourcesBuildPhase section */
		69DD4A5D18971EB000DB7365 /* Resources */ = {
			isa = PBXResourcesBuildPhase;
			buildActionMask = 2147483647;
			files = (
				69DD4A9218971EE000DB7365 /* MainStoryboard.storyboard in Resources */,
				69DD4A6D18971EB000DB7365 /* InfoPlist.strings in Resources */,
				69DD572518990FE8005E11D0 /* 152-rolodex.png in Resources */,
				69DD4A7518971EB000DB7365 /* Images.xcassets in Resources */,
				69DD572118990FC3005E11D0 /* 06-magnify.png in Resources */,
				69DD4A96189720EA00DB7365 /* GoogleMaps.bundle in Resources */,
				69DD572318990FCB005E11D0 /* 07-map-marker.png in Resources */,
			);
			runOnlyForDeploymentPostprocessing = 0;
		};
		69DD4A7818971EB000DB7365 /* Resources */ = {
			isa = PBXResourcesBuildPhase;
			buildActionMask = 2147483647;
			files = (
				69DD4A8618971EB000DB7365 /* InfoPlist.strings in Resources */,
			);
			runOnlyForDeploymentPostprocessing = 0;
		};
/* End PBXResourcesBuildPhase section */

/* Begin PBXSourcesBuildPhase section */
		69DD4A5B18971EB000DB7365 /* Sources */ = {
			isa = PBXSourcesBuildPhase;
			buildActionMask = 2147483647;
			files = (
				69DD572B18991885005E11D0 /* SSSearchViewController.m in Sources */,
				69DD4AB1189729DE00DB7365 /* SSMainViewController.m in Sources */,
				69DD4AB718972A6200DB7365 /* SSGoogleViewController.m in Sources */,
				69DD4ABA18972D2A00DB7365 /* ASValueTrackingSlider.m in Sources */,
				6980209D18B98F5C00B63BAB /* NSString+Common.m in Sources */,
				699011AD1897CCE300496777 /* SSPESpaceModel.m in Sources */,
				6990819118A63C2A00F1383B /* SSGoogleLocationModel.m in Sources */,
				69DD4A7318971EB000DB7365 /* SSAppDelegate.m in Sources */,
				69DD572818991769005E11D0 /* SSNavigationControlerViewController.m in Sources */,
				699011B01897CE9900496777 /* SSPERuleModel.m in Sources */,
				69DD4A6F18971EB000DB7365 /* main.m in Sources */,
				69DD572E18991890005E11D0 /* SSPaymentViewController.m in Sources */,
			);
			runOnlyForDeploymentPostprocessing = 0;
		};
		69DD4A7618971EB000DB7365 /* Sources */ = {
			isa = PBXSourcesBuildPhase;
			buildActionMask = 2147483647;
			files = (
				69DD4A8818971EB000DB7365 /* ValetParkTests.m in Sources */,
			);
			runOnlyForDeploymentPostprocessing = 0;
		};
/* End PBXSourcesBuildPhase section */

/* Begin PBXTargetDependency section */
		69DD4A8018971EB000DB7365 /* PBXTargetDependency */ = {
			isa = PBXTargetDependency;
			target = 69DD4A5E18971EB000DB7365 /* ValetPark */;
			targetProxy = 69DD4A7F18971EB000DB7365 /* PBXContainerItemProxy */;
		};
/* End PBXTargetDependency section */

/* Begin PBXVariantGroup section */
		69DD4A6B18971EB000DB7365 /* InfoPlist.strings */ = {
			isa = PBXVariantGroup;
			children = (
				69DD4A6C18971EB000DB7365 /* en */,
			);
			name = InfoPlist.strings;
			sourceTree = "<group>";
		};
		69DD4A8418971EB000DB7365 /* InfoPlist.strings */ = {
			isa = PBXVariantGroup;
			children = (
				69DD4A8518971EB000DB7365 /* en */,
			);
			name = InfoPlist.strings;
			sourceTree = "<group>";
		};
/* End PBXVariantGroup section */

/* Begin XCBuildConfiguration section */
		69DD4A8918971EB000DB7365 /* Debug */ = {
			isa = XCBuildConfiguration;
			buildSettings = {
				ALWAYS_SEARCH_USER_PATHS = NO;
				ARCHS = "$(ARCHS_STANDARD_INCLUDING_64_BIT)";
				CLANG_CXX_LANGUAGE_STANDARD = "gnu++0x";
				CLANG_CXX_LIBRARY = "libc++";
				CLANG_ENABLE_MODULES = YES;
				CLANG_ENABLE_OBJC_ARC = YES;
				CLANG_WARN_BOOL_CONVERSION = YES;
				CLANG_WARN_CONSTANT_CONVERSION = YES;
				CLANG_WARN_DIRECT_OBJC_ISA_USAGE = YES_ERROR;
				CLANG_WARN_EMPTY_BODY = YES;
				CLANG_WARN_ENUM_CONVERSION = YES;
				CLANG_WARN_INT_CONVERSION = YES;
				CLANG_WARN_OBJC_ROOT_CLASS = YES_ERROR;
				CLANG_WARN__DUPLICATE_METHOD_MATCH = YES;
				"CODE_SIGN_IDENTITY[sdk=iphoneos*]" = "iPhone Developer";
				COPY_PHASE_STRIP = NO;
				GCC_C_LANGUAGE_STANDARD = gnu99;
				GCC_DYNAMIC_NO_PIC = NO;
				GCC_OPTIMIZATION_LEVEL = 0;
				GCC_PREPROCESSOR_DEFINITIONS = (
					"DEBUG=1",
					"$(inherited)",
				);
				GCC_SYMBOLS_PRIVATE_EXTERN = NO;
				GCC_WARN_64_TO_32_BIT_CONVERSION = YES;
				GCC_WARN_ABOUT_RETURN_TYPE = YES_ERROR;
				GCC_WARN_UNDECLARED_SELECTOR = YES;
				GCC_WARN_UNINITIALIZED_AUTOS = YES;
				GCC_WARN_UNUSED_FUNCTION = YES;
				GCC_WARN_UNUSED_VARIABLE = YES;
				IPHONEOS_DEPLOYMENT_TARGET = 7.0;
				ONLY_ACTIVE_ARCH = YES;
				SDKROOT = iphoneos;
			};
			name = Debug;
		};
		69DD4A8A18971EB000DB7365 /* Release */ = {
			isa = XCBuildConfiguration;
			buildSettings = {
				ALWAYS_SEARCH_USER_PATHS = NO;
				ARCHS = "$(ARCHS_STANDARD_INCLUDING_64_BIT)";
				CLANG_CXX_LANGUAGE_STANDARD = "gnu++0x";
				CLANG_CXX_LIBRARY = "libc++";
				CLANG_ENABLE_MODULES = YES;
				CLANG_ENABLE_OBJC_ARC = YES;
				CLANG_WARN_BOOL_CONVERSION = YES;
				CLANG_WARN_CONSTANT_CONVERSION = YES;
				CLANG_WARN_DIRECT_OBJC_ISA_USAGE = YES_ERROR;
				CLANG_WARN_EMPTY_BODY = YES;
				CLANG_WARN_ENUM_CONVERSION = YES;
				CLANG_WARN_INT_CONVERSION = YES;
				CLANG_WARN_OBJC_ROOT_CLASS = YES_ERROR;
				CLANG_WARN__DUPLICATE_METHOD_MATCH = YES;
				"CODE_SIGN_IDENTITY[sdk=iphoneos*]" = "iPhone Developer";
				COPY_PHASE_STRIP = YES;
				ENABLE_NS_ASSERTIONS = NO;
				GCC_C_LANGUAGE_STANDARD = gnu99;
				GCC_WARN_64_TO_32_BIT_CONVERSION = YES;
				GCC_WARN_ABOUT_RETURN_TYPE = YES_ERROR;
				GCC_WARN_UNDECLARED_SELECTOR = YES;
				GCC_WARN_UNINITIALIZED_AUTOS = YES;
				GCC_WARN_UNUSED_FUNCTION = YES;
				GCC_WARN_UNUSED_VARIABLE = YES;
				IPHONEOS_DEPLOYMENT_TARGET = 7.0;
				SDKROOT = iphoneos;
				VALIDATE_PRODUCT = YES;
			};
			name = Release;
		};
		69DD4A8C18971EB000DB7365 /* Debug */ = {
			isa = XCBuildConfiguration;
			buildSettings = {
				ASSETCATALOG_COMPILER_APPICON_NAME = AppIcon;
				ASSETCATALOG_COMPILER_LAUNCHIMAGE_NAME = LaunchImage;
				FRAMEWORK_SEARCH_PATHS = (
					"$(inherited)",
					"/Users/shivamsinha/Desktop/TreeHouse\\ Academy/ObjectiveCProject/ValetParkIOS",
				);
				GCC_PRECOMPILE_PREFIX_HEADER = YES;
				GCC_PREFIX_HEADER = "ValetPark/ValetPark-Prefix.pch";
				INFOPLIST_FILE = "ValetPark/ValetPark-Info.plist";
				OTHER_LDFLAGS = "-ObjC";
				PRODUCT_NAME = "$(TARGET_NAME)";
				VALID_ARCHS = armv7;
				WRAPPER_EXTENSION = app;
			};
			name = Debug;
		};
		69DD4A8D18971EB000DB7365 /* Release */ = {
			isa = XCBuildConfiguration;
			buildSettings = {
				ASSETCATALOG_COMPILER_APPICON_NAME = AppIcon;
				ASSETCATALOG_COMPILER_LAUNCHIMAGE_NAME = LaunchImage;
				FRAMEWORK_SEARCH_PATHS = (
					"$(inherited)",
					"/Users/shivamsinha/Desktop/TreeHouse\\ Academy/ObjectiveCProject/ValetParkIOS",
				);
				GCC_PRECOMPILE_PREFIX_HEADER = YES;
				GCC_PREFIX_HEADER = "ValetPark/ValetPark-Prefix.pch";
				INFOPLIST_FILE = "ValetPark/ValetPark-Info.plist";
				OTHER_LDFLAGS = "-ObjC";
				PRODUCT_NAME = "$(TARGET_NAME)";
				VALID_ARCHS = armv7;
				WRAPPER_EXTENSION = app;
			};
			name = Release;
		};
		69DD4A8F18971EB000DB7365 /* Debug */ = {
			isa = XCBuildConfiguration;
			buildSettings = {
				ARCHS = "$(ARCHS_STANDARD_INCLUDING_64_BIT)";
				BUNDLE_LOADER = "$(BUILT_PRODUCTS_DIR)/ValetPark.app/ValetPark";
				FRAMEWORK_SEARCH_PATHS = (
					"$(SDKROOT)/Developer/Library/Frameworks",
					"$(inherited)",
					"$(DEVELOPER_FRAMEWORKS_DIR)",
				);
				GCC_PRECOMPILE_PREFIX_HEADER = YES;
				GCC_PREFIX_HEADER = "ValetPark/ValetPark-Prefix.pch";
				GCC_PREPROCESSOR_DEFINITIONS = (
					"DEBUG=1",
					"$(inherited)",
				);
				INFOPLIST_FILE = "ValetParkTests/ValetParkTests-Info.plist";
				PRODUCT_NAME = "$(TARGET_NAME)";
				TEST_HOST = "$(BUNDLE_LOADER)";
				WRAPPER_EXTENSION = xctest;
			};
			name = Debug;
		};
		69DD4A9018971EB000DB7365 /* Release */ = {
			isa = XCBuildConfiguration;
			buildSettings = {
				ARCHS = "$(ARCHS_STANDARD_INCLUDING_64_BIT)";
				BUNDLE_LOADER = "$(BUILT_PRODUCTS_DIR)/ValetPark.app/ValetPark";
				FRAMEWORK_SEARCH_PATHS = (
					"$(SDKROOT)/Developer/Library/Frameworks",
					"$(inherited)",
					"$(DEVELOPER_FRAMEWORKS_DIR)",
				);
				GCC_PRECOMPILE_PREFIX_HEADER = YES;
				GCC_PREFIX_HEADER = "ValetPark/ValetPark-Prefix.pch";
				INFOPLIST_FILE = "ValetParkTests/ValetParkTests-Info.plist";
				PRODUCT_NAME = "$(TARGET_NAME)";
				TEST_HOST = "$(BUNDLE_LOADER)";
				WRAPPER_EXTENSION = xctest;
			};
			name = Release;
		};
/* End XCBuildConfiguration section */

/* Begin XCConfigurationList section */
		69DD4A5A18971EB000DB7365 /* Build configuration list for PBXProject "ValetPark" */ = {
			isa = XCConfigurationList;
			buildConfigurations = (
				69DD4A8918971EB000DB7365 /* Debug */,
				69DD4A8A18971EB000DB7365 /* Release */,
			);
			defaultConfigurationIsVisible = 0;
			defaultConfigurationName = Release;
		};
		69DD4A8B18971EB000DB7365 /* Build configuration list for PBXNativeTarget "ValetPark" */ = {
			isa = XCConfigurationList;
			buildConfigurations = (
				69DD4A8C18971EB000DB7365 /* Debug */,
				69DD4A8D18971EB000DB7365 /* Release */,
			);
			defaultConfigurationIsVisible = 0;
			defaultConfigurationName = Release;
		};
		69DD4A8E18971EB000DB7365 /* Build configuration list for PBXNativeTarget "ValetParkTests" */ = {
			isa = XCConfigurationList;
			buildConfigurations = (
				69DD4A8F18971EB000DB7365 /* Debug */,
				69DD4A9018971EB000DB7365 /* Release */,
			);
			defaultConfigurationIsVisible = 0;
			defaultConfigurationName = Release;
		};
/* End XCConfigurationList section */
	};
	rootObject = 69DD4A5718971EB000DB7365 /* Project object */;
}
